
Microsoft Visual Studio Solution File, Format Version 12.00
# Visual Studio Version 16
VisualStudioVersion = 16.0.32106.194
MinimumVisualStudioVersion = 10.0.40219.1
Project("{FAE04EC0-301F-11D3-BF4B-00C04F79EFBC}") = "DiagramaYformas", "DiagramaYformas\DiagramaYformas.csproj", "{7E5FCBBE-6BF3-47A9-BBB3-5376632459F0}"
EndProject
Global
	GlobalSection(SolutionConfigurationPlatforms) = preSolution
		Debug|Any CPU = Debug|Any CPU
		Release|Any CPU = Release|Any CPU
	EndGlobalSection
	GlobalSection(ProjectConfigurationPlatforms) = postSolution
		{7E5FCBBE-6BF3-47A9-BBB3-5376632459F0}.Debug|Any CPU.ActiveCfg = Debug|Any CPU
		{7E5FCBBE-6BF3-47A9-BBB3-5376632459F0}.Debug|Any CPU.Build.0 = Debug|Any CPU
		{7E5FCBBE-6BF3-47A9-BBB3-5376632459F0}.Release|Any CPU.ActiveCfg = Release|Any CPU
		{7E5FCBBE-6BF3-47A9-BBB3-5376632459F0}.Release|Any CPU.Build.0 = Release|Any CPU
	EndGlobalSection
	GlobalSection(SolutionProperties) = preSolution
		HideSolutionNode = FALSE
	EndGlobalSection
	GlobalSection(ExtensibilityGlobals) = postSolution
		SolutionGuid = {DE4D4933-AD83-479A-A5EB-1DB735735745}
	EndGlobalSection
EndGlobal
